
Microsoft Visual Studio Solution File, Format Version 12.00
# Visual Studio Version 16
VisualStudioVersion = 16.0.30517.126
MinimumVisualStudioVersion = 10.0.40219.1
Project("{9A19103F-16F7-4668-BE54-9A1E7A4F7556}") = "ConsoleUI", "ConsoleUI\ConsoleUI.csproj", "{40356BEB-C519-4DEE-BF4D-3085B17220DF}"
EndProject
Project("{FAE04EC0-301F-11D3-BF4B-00C04F79EFBC}") = "LibraryForShoppingCart", "LibraryForShoppingCart\LibraryForShoppingCart.csproj", "{0E77DF0F-F7C0-48C5-BA9C-3C84D2C924A6}"
EndProject
Global
	GlobalSection(SolutionConfigurationPlatforms) = preSolution
		Debug|Any CPU = Debug|Any CPU
		Release|Any CPU = Release|Any CPU
	EndGlobalSection
	GlobalSection(ProjectConfigurationPlatforms) = postSolution
		{40356BEB-C519-4DEE-BF4D-3085B17220DF}.Debug|Any CPU.ActiveCfg = Debug|Any CPU
		{40356BEB-C519-4DEE-BF4D-3085B17220DF}.Debug|Any CPU.Build.0 = Debug|Any CPU
		{40356BEB-C519-4DEE-BF4D-3085B17220DF}.Release|Any CPU.ActiveCfg = Release|Any CPU
		{40356BEB-C519-4DEE-BF4D-3085B17220DF}.Release|Any CPU.Build.0 = Release|Any CPU
		{0E77DF0F-F7C0-48C5-BA9C-3C84D2C924A6}.Debug|Any CPU.ActiveCfg = Debug|Any CPU
		{0E77DF0F-F7C0-48C5-BA9C-3C84D2C924A6}.Debug|Any CPU.Build.0 = Debug|Any CPU
		{0E77DF0F-F7C0-48C5-BA9C-3C84D2C924A6}.Release|Any CPU.ActiveCfg = Release|Any CPU
		{0E77DF0F-F7C0-48C5-BA9C-3C84D2C924A6}.Release|Any CPU.Build.0 = Release|Any CPU
	EndGlobalSection
	GlobalSection(SolutionProperties) = preSolution
		HideSolutionNode = FALSE
	EndGlobalSection
	GlobalSection(ExtensibilityGlobals) = postSolution
		SolutionGuid = {031A4F4C-A314-4A47-840B-BE02B1ADD6CB}
	EndGlobalSection
EndGlobal
